// !$*UTF8*$!
{
	archiveVersion = 1;
	classes = {
	};
	objectVersion = 48;
	objects = {

/* Begin PBXBuildFile section */
		8E9FB951C6FFC887B4562B0F /* Pods_IP_Conduit.framework in Frameworks */ = {isa = PBXBuildFile; fileRef = AD57AB48AA0136AE5FBDEA4D /* Pods_IP_Conduit.framework */; };
		CA1BD7B71F814AF400F4BBEB /* LoginTextField.swift in Sources */ = {isa = PBXBuildFile; fileRef = CA1BD7B61F814AF400F4BBEB /* LoginTextField.swift */; };
		CAA0AB761F8135BC001C0E54 /* AppDelegate.swift in Sources */ = {isa = PBXBuildFile; fileRef = CAA0AB751F8135BC001C0E54 /* AppDelegate.swift */; };
		CAA0AB781F8135BC001C0E54 /* ViewController.swift in Sources */ = {isa = PBXBuildFile; fileRef = CAA0AB771F8135BC001C0E54 /* ViewController.swift */; };
		CAA0AB7B1F8135BC001C0E54 /* Main.storyboard in Resources */ = {isa = PBXBuildFile; fileRef = CAA0AB791F8135BC001C0E54 /* Main.storyboard */; };
		CAA0AB7E1F8135BC001C0E54 /* IP_Conduit.xcdatamodeld in Sources */ = {isa = PBXBuildFile; fileRef = CAA0AB7C1F8135BC001C0E54 /* IP_Conduit.xcdatamodeld */; };
		CAA0AB801F8135BC001C0E54 /* Assets.xcassets in Resources */ = {isa = PBXBuildFile; fileRef = CAA0AB7F1F8135BC001C0E54 /* Assets.xcassets */; };
		CAA0AB831F8135BC001C0E54 /* LaunchScreen.storyboard in Resources */ = {isa = PBXBuildFile; fileRef = CAA0AB811F8135BC001C0E54 /* LaunchScreen.storyboard */; };
/* End PBXBuildFile section */

/* Begin PBXFileReference section */
		234CC5903359E19C652C5132 /* Pods-IP-Conduit.debug.xcconfig */ = {isa = PBXFileReference; includeInIndex = 1; lastKnownFileType = text.xcconfig; name = "Pods-IP-Conduit.debug.xcconfig"; path = "Pods/Target Support Files/Pods-IP-Conduit/Pods-IP-Conduit.debug.xcconfig"; sourceTree = "<group>"; };
		3A61046C6A5486924800F8F3 /* Pods-IP-Conduit.release.xcconfig */ = {isa = PBXFileReference; includeInIndex = 1; lastKnownFileType = text.xcconfig; name = "Pods-IP-Conduit.release.xcconfig"; path = "Pods/Target Support Files/Pods-IP-Conduit/Pods-IP-Conduit.release.xcconfig"; sourceTree = "<group>"; };
		AD57AB48AA0136AE5FBDEA4D /* Pods_IP_Conduit.framework */ = {isa = PBXFileReference; explicitFileType = wrapper.framework; includeInIndex = 0; path = Pods_IP_Conduit.framework; sourceTree = BUILT_PRODUCTS_DIR; };
		CA1BD7B61F814AF400F4BBEB /* LoginTextField.swift */ = {isa = PBXFileReference; lastKnownFileType = sourcecode.swift; path = LoginTextField.swift; sourceTree = "<group>"; };
		CA81EBC51F817AE7005E2EF7 /* GoogleService-Info.plist */ = {isa = PBXFileReference; lastKnownFileType = text.plist.xml; path = "GoogleService-Info.plist"; sourceTree = "<group>"; };
		CAA0AB721F8135BC001C0E54 /* IP-Conduit.app */ = {isa = PBXFileReference; explicitFileType = wrapper.application; includeInIndex = 0; path = "IP-Conduit.app"; sourceTree = BUILT_PRODUCTS_DIR; };
		CAA0AB751F8135BC001C0E54 /* AppDelegate.swift */ = {isa = PBXFileReference; lastKnownFileType = sourcecode.swift; path = AppDelegate.swift; sourceTree = "<group>"; };
		CAA0AB771F8135BC001C0E54 /* ViewController.swift */ = {isa = PBXFileReference; lastKnownFileType = sourcecode.swift; path = ViewController.swift; sourceTree = "<group>"; };
		CAA0AB7A1F8135BC001C0E54 /* Base */ = {isa = PBXFileReference; lastKnownFileType = file.storyboard; name = Base; path = Base.lproj/Main.storyboard; sourceTree = "<group>"; };
		CAA0AB7D1F8135BC001C0E54 /* IP_Conduit.xcdatamodel */ = {isa = PBXFileReference; lastKnownFileType = wrapper.xcdatamodel; path = IP_Conduit.xcdatamodel; sourceTree = "<group>"; };
		CAA0AB7F1F8135BC001C0E54 /* Assets.xcassets */ = {isa = PBXFileReference; lastKnownFileType = folder.assetcatalog; path = Assets.xcassets; sourceTree = "<group>"; };
		CAA0AB821F8135BC001C0E54 /* Base */ = {isa = PBXFileReference; lastKnownFileType = file.storyboard; name = Base; path = Base.lproj/LaunchScreen.storyboard; sourceTree = "<group>"; };
		CAA0AB841F8135BC001C0E54 /* Info.plist */ = {isa = PBXFileReference; lastKnownFileType = text.plist.xml; path = Info.plist; sourceTree = "<group>"; };
/* End PBXFileReference section */

/* Begin PBXFrameworksBuildPhase section */
		CAA0AB6F1F8135BC001C0E54 /* Frameworks */ = {
			isa = PBXFrameworksBuildPhase;
			buildActionMask = 2147483647;
			files = (
				8E9FB951C6FFC887B4562B0F /* Pods_IP_Conduit.framework in Frameworks */,
			);
			runOnlyForDeploymentPostprocessing = 0;
		};
/* End PBXFrameworksBuildPhase section */

/* Begin PBXGroup section */
		310B76DC5200332319F4A402 /* Frameworks */ = {
			isa = PBXGroup;
			children = (
				AD57AB48AA0136AE5FBDEA4D /* Pods_IP_Conduit.framework */,
			);
			name = Frameworks;
			sourceTree = "<group>";
		};
		58A0EC1425373729769FE587 /* Pods */ = {
			isa = PBXGroup;
			children = (
				234CC5903359E19C652C5132 /* Pods-IP-Conduit.debug.xcconfig */,
				3A61046C6A5486924800F8F3 /* Pods-IP-Conduit.release.xcconfig */,
			);
			name = Pods;
			sourceTree = "<group>";
		};
		CAA0AB691F8135BB001C0E54 = {
			isa = PBXGroup;
			children = (
				CAA0AB741F8135BC001C0E54 /* IP-Conduit */,
				CAA0AB731F8135BC001C0E54 /* Products */,
				58A0EC1425373729769FE587 /* Pods */,
				310B76DC5200332319F4A402 /* Frameworks */,
			);
			sourceTree = "<group>";
		};
		CAA0AB731F8135BC001C0E54 /* Products */ = {
			isa = PBXGroup;
			children = (
				CAA0AB721F8135BC001C0E54 /* IP-Conduit.app */,
			);
			name = Products;
			sourceTree = "<group>";
		};
		CAA0AB741F8135BC001C0E54 /* IP-Conduit */ = {
			isa = PBXGroup;
			children = (
				CA81EBC51F817AE7005E2EF7 /* GoogleService-Info.plist */,
				CAA0AB751F8135BC001C0E54 /* AppDelegate.swift */,
				CAA0AB771F8135BC001C0E54 /* ViewController.swift */,
				CA1BD7B61F814AF400F4BBEB /* LoginTextField.swift */,
				CAA0AB791F8135BC001C0E54 /* Main.storyboard */,
				CAA0AB7F1F8135BC001C0E54 /* Assets.xcassets */,
				CAA0AB811F8135BC001C0E54 /* LaunchScreen.storyboard */,
				CAA0AB841F8135BC001C0E54 /* Info.plist */,
				CAA0AB7C1F8135BC001C0E54 /* IP_Conduit.xcdatamodeld */,
			);
			path = "IP-Conduit";
			sourceTree = "<group>";
		};
/* End PBXGroup section */

/* Begin PBXNativeTarget section */
		CAA0AB711F8135BC001C0E54 /* IP-Conduit */ = {
			isa = PBXNativeTarget;
			buildConfigurationList = CAA0AB871F8135BC001C0E54 /* Build configuration list for PBXNativeTarget "IP-Conduit" */;
			buildPhases = (
				F72E801C34AC6BFB83139386 /* [CP] Check Pods Manifest.lock */,
				CAA0AB6E1F8135BC001C0E54 /* Sources */,
				CAA0AB6F1F8135BC001C0E54 /* Frameworks */,
				CAA0AB701F8135BC001C0E54 /* Resources */,
				3791E393CAF3946D48218D4A /* [CP] Embed Pods Frameworks */,
				DE8899A4B9646566B10CC53E /* [CP] Copy Pods Resources */,
			);
			buildRules = (
			);
			dependencies = (
			);
			name = "IP-Conduit";
			productName = "IP-Conduit";
			productReference = CAA0AB721F8135BC001C0E54 /* IP-Conduit.app */;
			productType = "com.apple.product-type.application";
		};
/* End PBXNativeTarget section */

/* Begin PBXProject section */
		CAA0AB6A1F8135BB001C0E54 /* Project object */ = {
			isa = PBXProject;
			attributes = {
				LastSwiftUpdateCheck = 0900;
				LastUpgradeCheck = 0900;
				ORGANIZATIONNAME = "408 Industries";
				TargetAttributes = {
					CAA0AB711F8135BC001C0E54 = {
						CreatedOnToolsVersion = 9.0;
						ProvisioningStyle = Manual;
					};
				};
			};
			buildConfigurationList = CAA0AB6D1F8135BB001C0E54 /* Build configuration list for PBXProject "IP-Conduit" */;
			compatibilityVersion = "Xcode 8.0";
			developmentRegion = en;
			hasScannedForEncodings = 0;
			knownRegions = (
				en,
				Base,
			);
			mainGroup = CAA0AB691F8135BB001C0E54;
			productRefGroup = CAA0AB731F8135BC001C0E54 /* Products */;
			projectDirPath = "";
			projectRoot = "";
			targets = (
				CAA0AB711F8135BC001C0E54 /* IP-Conduit */,
			);
		};
/* End PBXProject section */

/* Begin PBXResourcesBuildPhase section */
		CAA0AB701F8135BC001C0E54 /* Resources */ = {
			isa = PBXResourcesBuildPhase;
			buildActionMask = 2147483647;
			files = (
				CAA0AB831F8135BC001C0E54 /* LaunchScreen.storyboard in Resources */,
				CAA0AB801F8135BC001C0E54 /* Assets.xcassets in Resources */,
				CAA0AB7B1F8135BC001C0E54 /* Main.storyboard in Resources */,
			);
			runOnlyForDeploymentPostprocessing = 0;
		};
/* End PBXResourcesBuildPhase section */

/* Begin PBXShellScriptBuildPhase section */
		3791E393CAF3946D48218D4A /* [CP] Embed Pods Frameworks */ = {
			isa = PBXShellScriptBuildPhase;
			buildActionMask = 2147483647;
			files = (
			);
			inputPaths = (
				"${SRCROOT}/Pods/Target Support Files/Pods-IP-Conduit/Pods-IP-Conduit-frameworks.sh",
				"${BUILT_PRODUCTS_DIR}/GoogleToolboxForMac/GoogleToolboxForMac.framework",
				"${BUILT_PRODUCTS_DIR}/nanopb/nanopb.framework",
			);
			name = "[CP] Embed Pods Frameworks";
			outputPaths = (
				"${TARGET_BUILD_DIR}/${FRAMEWORKS_FOLDER_PATH}/GoogleToolboxForMac.framework",
				"${TARGET_BUILD_DIR}/${FRAMEWORKS_FOLDER_PATH}/nanopb.framework",
			);
			runOnlyForDeploymentPostprocessing = 0;
			shellPath = /bin/sh;
			shellScript = "\"${SRCROOT}/Pods/Target Support Files/Pods-IP-Conduit/Pods-IP-Conduit-frameworks.sh\"\n";
			showEnvVarsInLog = 0;
		};
		DE8899A4B9646566B10CC53E /* [CP] Copy Pods Resources */ = {
			isa = PBXShellScriptBuildPhase;
			buildActionMask = 2147483647;
			files = (
			);
			inputPaths = (
			);
			name = "[CP] Copy Pods Resources";
			outputPaths = (
			);
			runOnlyForDeploymentPostprocessing = 0;
			shellPath = /bin/sh;
			shellScript = "\"${SRCROOT}/Pods/Target Support Files/Pods-IP-Conduit/Pods-IP-Conduit-resources.sh\"\n";
			showEnvVarsInLog = 0;
		};
		F72E801C34AC6BFB83139386 /* [CP] Check Pods Manifest.lock */ = {
			isa = PBXShellScriptBuildPhase;
			buildActionMask = 2147483647;
			files = (
			);
			inputPaths = (
				"${PODS_PODFILE_DIR_PATH}/Podfile.lock",
				"${PODS_ROOT}/Manifest.lock",
			);
			name = "[CP] Check Pods Manifest.lock";
			outputPaths = (
				"$(DERIVED_FILE_DIR)/Pods-IP-Conduit-checkManifestLockResult.txt",
			);
			runOnlyForDeploymentPostprocessing = 0;
			shellPath = /bin/sh;
			shellScript = "diff \"${PODS_PODFILE_DIR_PATH}/Podfile.lock\" \"${PODS_ROOT}/Manifest.lock\" > /dev/null\nif [ $? != 0 ] ; then\n    # print error to STDERR\n    echo \"error: The sandbox is not in sync with the Podfile.lock. Run 'pod install' or update your CocoaPods installation.\" >&2\n    exit 1\nfi\n# This output is used by Xcode 'outputs' to avoid re-running this script phase.\necho \"SUCCESS\" > \"${SCRIPT_OUTPUT_FILE_0}\"\n";
			showEnvVarsInLog = 0;
		};
/* End PBXShellScriptBuildPhase section */

/* Begin PBXSourcesBuildPhase section */
		CAA0AB6E1F8135BC001C0E54 /* Sources */ = {
			isa = PBXSourcesBuildPhase;
			buildActionMask = 2147483647;
			files = (
				CAA0AB781F8135BC001C0E54 /* ViewController.swift in Sources */,
				CA1BD7B71F814AF400F4BBEB /* LoginTextField.swift in Sources */,
				CAA0AB761F8135BC001C0E54 /* AppDelegate.swift in Sources */,
				CAA0AB7E1F8135BC001C0E54 /* IP_Conduit.xcdatamodeld in Sources */,
			);
			runOnlyForDeploymentPostprocessing = 0;
		};
/* End PBXSourcesBuildPhase section */

/* Begin PBXVariantGroup section */
		CAA0AB791F8135BC001C0E54 /* Main.storyboard */ = {
			isa = PBXVariantGroup;
			children = (
				CAA0AB7A1F8135BC001C0E54 /* Base */,
			);
			name = Main.storyboard;
			sourceTree = "<group>";
		};
		CAA0AB811F8135BC001C0E54 /* LaunchScreen.storyboard */ = {
			isa = PBXVariantGroup;
			children = (
				CAA0AB821F8135BC001C0E54 /* Base */,
			);
			name = LaunchScreen.storyboard;
			sourceTree = "<group>";
		};
/* End PBXVariantGroup section */

/* Begin XCBuildConfiguration section */
		CAA0AB851F8135BC001C0E54 /* Debug */ = {
			isa = XCBuildConfiguration;
			buildSettings = {
				ALWAYS_SEARCH_USER_PATHS = NO;
				CLANG_ANALYZER_NONNULL = YES;
				CLANG_ANALYZER_NUMBER_OBJECT_CONVERSION = YES_AGGRESSIVE;
				CLANG_CXX_LANGUAGE_STANDARD = "gnu++14";
				CLANG_CXX_LIBRARY = "libc++";
				CLANG_ENABLE_MODULES = YES;
				CLANG_ENABLE_OBJC_ARC = YES;
				CLANG_WARN_BLOCK_CAPTURE_AUTORELEASING = YES;
				CLANG_WARN_BOOL_CONVERSION = YES;
				CLANG_WARN_COMMA = YES;
				CLANG_WARN_CONSTANT_CONVERSION = YES;
				CLANG_WARN_DIRECT_OBJC_ISA_USAGE = YES_ERROR;
				CLANG_WARN_DOCUMENTATION_COMMENTS = YES;
				CLANG_WARN_EMPTY_BODY = YES;
				CLANG_WARN_ENUM_CONVERSION = YES;
				CLANG_WARN_INFINITE_RECURSION = YES;
				CLANG_WARN_INT_CONVERSION = YES;
				CLANG_WARN_NON_LITERAL_NULL_CONVERSION = YES;
				CLANG_WARN_OBJC_LITERAL_CONVERSION = YES;
				CLANG_WARN_OBJC_ROOT_CLASS = YES_ERROR;
				CLANG_WARN_RANGE_LOOP_ANALYSIS = YES;
				CLANG_WARN_STRICT_PROTOTYPES = YES;
				CLANG_WARN_SUSPICIOUS_MOVE = YES;
				CLANG_WARN_UNGUARDED_AVAILABILITY = YES_AGGRESSIVE;
				CLANG_WARN_UNREACHABLE_CODE = YES;
				CLANG_WARN__DUPLICATE_METHOD_MATCH = YES;
				CODE_SIGN_IDENTITY = "iPhone Developer";
				COPY_PHASE_STRIP = NO;
				DEBUG_INFORMATION_FORMAT = dwarf;
				ENABLE_STRICT_OBJC_MSGSEND = YES;
				ENABLE_TESTABILITY = YES;
				GCC_C_LANGUAGE_STANDARD = gnu11;
				GCC_DYNAMIC_NO_PIC = NO;
				GCC_NO_COMMON_BLOCKS = YES;
				GCC_OPTIMIZATION_LEVEL = 0;
				GCC_PREPROCESSOR_DEFINITIONS = (
					"DEBUG=1",
					"$(inherited)",
				);
				GCC_WARN_64_TO_32_BIT_CONVERSION = YES;
				GCC_WARN_ABOUT_RETURN_TYPE = YES_ERROR;
				GCC_WARN_UNDECLARED_SELECTOR = YES;
				GCC_WARN_UNINITIALIZED_AUTOS = YES_AGGRESSIVE;
				GCC_WARN_UNUSED_FUNCTION = YES;
				GCC_WARN_UNUSED_VARIABLE = YES;
				IPHONEOS_DEPLOYMENT_TARGET = 11.0;
				MTL_ENABLE_DEBUG_INFO = YES;
				ONLY_ACTIVE_ARCH = YES;
				SDKROOT = iphoneos;
				SWIFT_ACTIVE_COMPILATION_CONDITIONS = DEBUG;
				SWIFT_OPTIMIZATION_LEVEL = "-Onone";
			};
			name = Debug;
		};
		CAA0AB861F8135BC001C0E54 /* Release */ = {
			isa = XCBuildConfiguration;
			buildSettings = {
				ALWAYS_SEARCH_USER_PATHS = NO;
				CLANG_ANALYZER_NONNULL = YES;
				CLANG_ANALYZER_NUMBER_OBJECT_CONVERSION = YES_AGGRESSIVE;
				CLANG_CXX_LANGUAGE_STANDARD = "gnu++14";
				CLANG_CXX_LIBRARY = "libc++";
				CLANG_ENABLE_MODULES = YES;
				CLANG_ENABLE_OBJC_ARC = YES;
				CLANG_WARN_BLOCK_CAPTURE_AUTORELEASING = YES;
				CLANG_WARN_BOOL_CONVERSION = YES;
				CLANG_WARN_COMMA = YES;
				CLANG_WARN_CONSTANT_CONVERSION = YES;
				CLANG_WARN_DIRECT_OBJC_ISA_USAGE = YES_ERROR;
				CLANG_WARN_DOCUMENTATION_COMMENTS = YES;
				CLANG_WARN_EMPTY_BODY = YES;
				CLANG_WARN_ENUM_CONVERSION = YES;
				CLANG_WARN_INFINITE_RECURSION = YES;
				CLANG_WARN_INT_CONVERSION = YES;
				CLANG_WARN_NON_LITERAL_NULL_CONVERSION = YES;
				CLANG_WARN_OBJC_LITERAL_CONVERSION = YES;
				CLANG_WARN_OBJC_ROOT_CLASS = YES_ERROR;
				CLANG_WARN_RANGE_LOOP_ANALYSIS = YES;
				CLANG_WARN_STRICT_PROTOTYPES = YES;
				CLANG_WARN_SUSPICIOUS_MOVE = YES;
				CLANG_WARN_UNGUARDED_AVAILABILITY = YES_AGGRESSIVE;
				CLANG_WARN_UNREACHABLE_CODE = YES;
				CLANG_WARN__DUPLICATE_METHOD_MATCH = YES;
				CODE_SIGN_IDENTITY = "iPhone Developer";
				COPY_PHASE_STRIP = NO;
				DEBUG_INFORMATION_FORMAT = "dwarf-with-dsym";
				ENABLE_NS_ASSERTIONS = NO;
				ENABLE_STRICT_OBJC_MSGSEND = YES;
				GCC_C_LANGUAGE_STANDARD = gnu11;
				GCC_NO_COMMON_BLOCKS = YES;
				GCC_WARN_64_TO_32_BIT_CONVERSION = YES;
				GCC_WARN_ABOUT_RETURN_TYPE = YES_ERROR;
				GCC_WARN_UNDECLARED_SELECTOR = YES;
				GCC_WARN_UNINITIALIZED_AUTOS = YES_AGGRESSIVE;
				GCC_WARN_UNUSED_FUNCTION = YES;
				GCC_WARN_UNUSED_VARIABLE = YES;
				IPHONEOS_DEPLOYMENT_TARGET = 11.0;
				MTL_ENABLE_DEBUG_INFO = NO;
				SDKROOT = iphoneos;
				SWIFT_OPTIMIZATION_LEVEL = "-Owholemodule";
				VALIDATE_PRODUCT = YES;
			};
			name = Release;
		};
		CAA0AB881F8135BC001C0E54 /* Debug */ = {
			isa = XCBuildConfiguration;
			baseConfigurationReference = 234CC5903359E19C652C5132 /* Pods-IP-Conduit.debug.xcconfig */;
			buildSettings = {
				ASSETCATALOG_COMPILER_APPICON_NAME = AppIcon;
				CODE_SIGN_STYLE = Manual;
				DEVELOPMENT_TEAM = "";
				INFOPLIST_FILE = "IP-Conduit/Info.plist";
				LD_RUNPATH_SEARCH_PATHS = "$(inherited) @executable_path/Frameworks";
				PRODUCT_BUNDLE_IDENTIFIER = "com.408industries.IP-Conduit";
				PRODUCT_NAME = "$(TARGET_NAME)";
				PROVISIONING_PROFILE_SPECIFIER = "";
				SWIFT_VERSION = 4.0;
				TARGETED_DEVICE_FAMILY = "1,2";
			};
			name = Debug;
		};
		CAA0AB891F8135BC001C0E54 /* Release */ = {
			isa = XCBuildConfiguration;
			baseConfigurationReference = 3A61046C6A5486924800F8F3 /* Pods-IP-Conduit.release.xcconfig */;
			buildSettings = {
				ASSETCATALOG_COMPILER_APPICON_NAME = AppIcon;
				CODE_SIGN_STYLE = Manual;
				DEVELOPMENT_TEAM = "";
				INFOPLIST_FILE = "IP-Conduit/Info.plist";
				LD_RUNPATH_SEARCH_PATHS = "$(inherited) @executable_path/Frameworks";
				PRODUCT_BUNDLE_IDENTIFIER = "com.408industries.IP-Conduit";
				PRODUCT_NAME = "$(TARGET_NAME)";
				PROVISIONING_PROFILE_SPECIFIER = "";
				SWIFT_VERSION = 4.0;
				TARGETED_DEVICE_FAMILY = "1,2";
			};
			name = Release;
		};
/* End XCBuildConfiguration section */

/* Begin XCConfigurationList section */
		CAA0AB6D1F8135BB001C0E54 /* Build configuration list for PBXProject "IP-Conduit" */ = {
			isa = XCConfigurationList;
			buildConfigurations = (
				CAA0AB851F8135BC001C0E54 /* Debug */,
				CAA0AB861F8135BC001C0E54 /* Release */,
			);
			defaultConfigurationIsVisible = 0;
			defaultConfigurationName = Release;
		};
		CAA0AB871F8135BC001C0E54 /* Build configuration list for PBXNativeTarget "IP-Conduit" */ = {
			isa = XCConfigurationList;
			buildConfigurations = (
				CAA0AB881F8135BC001C0E54 /* Debug */,
				CAA0AB891F8135BC001C0E54 /* Release */,
			);
			defaultConfigurationIsVisible = 0;
			defaultConfigurationName = Release;
		};
/* End XCConfigurationList section */

/* Begin XCVersionGroup section */
		CAA0AB7C1F8135BC001C0E54 /* IP_Conduit.xcdatamodeld */ = {
			isa = XCVersionGroup;
			children = (
				CAA0AB7D1F8135BC001C0E54 /* IP_Conduit.xcdatamodel */,
			);
			currentVersion = CAA0AB7D1F8135BC001C0E54 /* IP_Conduit.xcdatamodel */;
			path = IP_Conduit.xcdatamodeld;
			sourceTree = "<group>";
			versionGroupType = wrapper.xcdatamodel;
		};
/* End XCVersionGroup section */
	};
	rootObject = CAA0AB6A1F8135BB001C0E54 /* Project object */;
}
